Microsoft Visual Studio Solution File, Format Version 11.00
# Visual Studio 2008

Project("{3C803508-951C-14E9-3ACD-EBE80B1D677F}") = "2d testejä", "Assembly-CSharp-firstpass.csproj", "{947BD637-67A7-6FB8-ECD7-732832C48834}"
EndProject
Project("{3C803508-951C-14E9-3ACD-EBE80B1D677F}") = "2d testejä", "Assembly-CSharp.csproj", "{8A16D2D2-A278-0899-40F2-129E466B7635}"
EndProject
Project("{3C803508-951C-14E9-3ACD-EBE80B1D677F}") = "2d testejä", "Assembly-CSharp-Editor.csproj", "{BF778E42-4A66-C1E2-E42C-61D9C8567954}"
EndProject
Project("{3C803508-951C-14E9-3ACD-EBE80B1D677F}") = "2d testejä", "Assembly-UnityScript-firstpass.unityproj", "{57C7C428-80B0-51EC-F895-8BC3033DAC20}"
EndProject
Project("{3C803508-951C-14E9-3ACD-EBE80B1D677F}") = "2d testejä", "Assembly-UnityScript.unityproj", "{3D926AF2-8D13-7ED3-2F67-049DAC7990A7}"
EndProject
Global
	GlobalSection(SolutionConfigurationPlatforms) = preSolution
		Debug|Any CPU = Debug|Any CPU
		Release|Any CPU = Release|Any CPU
	EndGlobalSection
	GlobalSection(ProjectConfigurationPlatforms) = postSolution
		{947BD637-67A7-6FB8-ECD7-732832C48834}.Debug|Any CPU.ActiveCfg = Debug|Any CPU
		{947BD637-67A7-6FB8-ECD7-732832C48834}.Debug|Any CPU.Build.0 = Debug|Any CPU
		{947BD637-67A7-6FB8-ECD7-732832C48834}.Release|Any CPU.ActiveCfg = Release|Any CPU
		{947BD637-67A7-6FB8-ECD7-732832C48834}.Release|Any CPU.Build.0 = Release|Any CPU
		{8A16D2D2-A278-0899-40F2-129E466B7635}.Debug|Any CPU.ActiveCfg = Debug|Any CPU
		{8A16D2D2-A278-0899-40F2-129E466B7635}.Debug|Any CPU.Build.0 = Debug|Any CPU
		{8A16D2D2-A278-0899-40F2-129E466B7635}.Release|Any CPU.ActiveCfg = Release|Any CPU
		{8A16D2D2-A278-0899-40F2-129E466B7635}.Release|Any CPU.Build.0 = Release|Any CPU
		{BF778E42-4A66-C1E2-E42C-61D9C8567954}.Debug|Any CPU.ActiveCfg = Debug|Any CPU
		{BF778E42-4A66-C1E2-E42C-61D9C8567954}.Debug|Any CPU.Build.0 = Debug|Any CPU
		{BF778E42-4A66-C1E2-E42C-61D9C8567954}.Release|Any CPU.ActiveCfg = Release|Any CPU
		{BF778E42-4A66-C1E2-E42C-61D9C8567954}.Release|Any CPU.Build.0 = Release|Any CPU
		{57C7C428-80B0-51EC-F895-8BC3033DAC20}.Debug|Any CPU.ActiveCfg = Debug|Any CPU
		{57C7C428-80B0-51EC-F895-8BC3033DAC20}.Debug|Any CPU.Build.0 = Debug|Any CPU
		{57C7C428-80B0-51EC-F895-8BC3033DAC20}.Release|Any CPU.ActiveCfg = Release|Any CPU
		{57C7C428-80B0-51EC-F895-8BC3033DAC20}.Release|Any CPU.Build.0 = Release|Any CPU
		{3D926AF2-8D13-7ED3-2F67-049DAC7990A7}.Debug|Any CPU.ActiveCfg = Debug|Any CPU
		{3D926AF2-8D13-7ED3-2F67-049DAC7990A7}.Debug|Any CPU.Build.0 = Debug|Any CPU
		{3D926AF2-8D13-7ED3-2F67-049DAC7990A7}.Release|Any CPU.ActiveCfg = Release|Any CPU
		{3D926AF2-8D13-7ED3-2F67-049DAC7990A7}.Release|Any CPU.Build.0 = Release|Any CPU
	EndGlobalSection
	GlobalSection(SolutionProperties) = preSolution
		HideSolutionNode = FALSE
	EndGlobalSection
																																																																																																																																																																																																																																																																	GlobalSection(MonoDevelopProperties) = preSolution
		StartupItem = Assembly-CSharp.csproj
		Policies = $0
		$0.TextStylePolicy = $1
		$1.inheritsSet = null
		$1.scope = text/x-csharp
		$0.CSharpFormattingPolicy = $2
		$2.inheritsSet = Mono
		$2.inheritsScope = text/x-csharp
		$2.scope = text/x-csharp
		$0.TextStylePolicy = $3
		$3.FileWidth = 120
		$3.TabWidth = 4
		$3.EolMarker = Unix
		$3.inheritsSet = Mono
		$3.inheritsScope = text/plain
		$3.scope = text/plain
	EndGlobalSection

EndGlobal
